// !$*UTF8*$!
{
	archiveVersion = 1;
	classes = {
	};
	objectVersion = 50;
	objects = {

/* Begin PBXBuildFile section */
		16BF7CEE20CF49F9008BF4E1 /* AppDelegate.swift in Sources */ = {isa = PBXBuildFile; fileRef = 16BF7CED20CF49F9008BF4E1 /* AppDelegate.swift */; };
		16BF7CF320CF49F9008BF4E1 /* Main.storyboard in Resources */ = {isa = PBXBuildFile; fileRef = 16BF7CF120CF49F9008BF4E1 /* Main.storyboard */; };
		16BF7CF620CF49F9008BF4E1 /* Baseball_Scorecard.xcdatamodeld in Sources */ = {isa = PBXBuildFile; fileRef = 16BF7CF420CF49F9008BF4E1 /* Baseball_Scorecard.xcdatamodeld */; };
		16BF7CF820CF49FA008BF4E1 /* Assets.xcassets in Resources */ = {isa = PBXBuildFile; fileRef = 16BF7CF720CF49FA008BF4E1 /* Assets.xcassets */; };
		16BF7CFB20CF49FA008BF4E1 /* LaunchScreen.storyboard in Resources */ = {isa = PBXBuildFile; fileRef = 16BF7CF920CF49FA008BF4E1 /* LaunchScreen.storyboard */; };
/* End PBXBuildFile section */

/* Begin PBXFileReference section */
		16BF7CEA20CF49F9008BF4E1 /* Baseball Scorecard.app */ = {isa = PBXFileReference; explicitFileType = wrapper.application; includeInIndex = 0; path = "Baseball Scorecard.app"; sourceTree = BUILT_PRODUCTS_DIR; };
		16BF7CED20CF49F9008BF4E1 /* AppDelegate.swift */ = {isa = PBXFileReference; lastKnownFileType = sourcecode.swift; path = AppDelegate.swift; sourceTree = "<group>"; };
		16BF7CF220CF49F9008BF4E1 /* Base */ = {isa = PBXFileReference; lastKnownFileType = file.storyboard; name = Base; path = Base.lproj/Main.storyboard; sourceTree = "<group>"; };
		16BF7CF520CF49F9008BF4E1 /* Baseball_Scorecard.xcdatamodel */ = {isa = PBXFileReference; lastKnownFileType = wrapper.xcdatamodel; path = Baseball_Scorecard.xcdatamodel; sourceTree = "<group>"; };
		16BF7CF720CF49FA008BF4E1 /* Assets.xcassets */ = {isa = PBXFileReference; lastKnownFileType = folder.assetcatalog; path = Assets.xcassets; sourceTree = "<group>"; };
		16BF7CFA20CF49FA008BF4E1 /* Base */ = {isa = PBXFileReference; lastKnownFileType = file.storyboard; name = Base; path = Base.lproj/LaunchScreen.storyboard; sourceTree = "<group>"; };
		16BF7CFC20CF49FA008BF4E1 /* Info.plist */ = {isa = PBXFileReference; lastKnownFileType = text.plist.xml; path = Info.plist; sourceTree = "<group>"; };
/* End PBXFileReference section */

/* Begin PBXFrameworksBuildPhase section */
		16BF7CE720CF49F9008BF4E1 /* Frameworks */ = {
			isa = PBXFrameworksBuildPhase;
			buildActionMask = 2147483647;
			files = (
			);
			runOnlyForDeploymentPostprocessing = 0;
		};
/* End PBXFrameworksBuildPhase section */

/* Begin PBXGroup section */
		16BF7CE120CF49F9008BF4E1 = {
			isa = PBXGroup;
			children = (
				16BF7CEC20CF49F9008BF4E1 /* Baseball Scorecard */,
				16BF7CEB20CF49F9008BF4E1 /* Products */,
			);
			sourceTree = "<group>";
		};
		16BF7CEB20CF49F9008BF4E1 /* Products */ = {
			isa = PBXGroup;
			children = (
				16BF7CEA20CF49F9008BF4E1 /* Baseball Scorecard.app */,
			);
			name = Products;
			sourceTree = "<group>";
		};
		16BF7CEC20CF49F9008BF4E1 /* Baseball Scorecard */ = {
			isa = PBXGroup;
			children = (
				16BF7D0620CF4A4E008BF4E1 /* Models */,
				16BF7D0520CF4A40008BF4E1 /* Model Controllers */,
				16BF7D0420CF4A38008BF4E1 /* View Controllers */,
				16BF7D0320CF4A27008BF4E1 /* Storboards */,
				16BF7D0220CF4A1D008BF4E1 /* Resources */,
				16BF7CF420CF49F9008BF4E1 /* Baseball_Scorecard.xcdatamodeld */,
			);
			path = "Baseball Scorecard";
			sourceTree = "<group>";
		};
		16BF7D0220CF4A1D008BF4E1 /* Resources */ = {
			isa = PBXGroup;
			children = (
				16BF7CED20CF49F9008BF4E1 /* AppDelegate.swift */,
				16BF7CF720CF49FA008BF4E1 /* Assets.xcassets */,
				16BF7CFC20CF49FA008BF4E1 /* Info.plist */,
			);
			path = Resources;
			sourceTree = "<group>";
		};
		16BF7D0320CF4A27008BF4E1 /* Storboards */ = {
			isa = PBXGroup;
			children = (
				16BF7CF120CF49F9008BF4E1 /* Main.storyboard */,
				16BF7CF920CF49FA008BF4E1 /* LaunchScreen.storyboard */,
			);
			path = Storboards;
			sourceTree = "<group>";
		};
		16BF7D0420CF4A38008BF4E1 /* View Controllers */ = {
			isa = PBXGroup;
			children = (
			);
			path = "View Controllers";
			sourceTree = "<group>";
		};
		16BF7D0520CF4A40008BF4E1 /* Model Controllers */ = {
			isa = PBXGroup;
			children = (
			);
			path = "Model Controllers";
			sourceTree = "<group>";
		};
		16BF7D0620CF4A4E008BF4E1 /* Models */ = {
			isa = PBXGroup;
			children = (
			);
			path = Models;
			sourceTree = "<group>";
		};
/* End PBXGroup section */

/* Begin PBXNativeTarget section */
		16BF7CE920CF49F9008BF4E1 /* Baseball Scorecard */ = {
			isa = PBXNativeTarget;
			buildConfigurationList = 16BF7CFF20CF49FA008BF4E1 /* Build configuration list for PBXNativeTarget "Baseball Scorecard" */;
			buildPhases = (
				16BF7CE620CF49F9008BF4E1 /* Sources */,
				16BF7CE720CF49F9008BF4E1 /* Frameworks */,
				16BF7CE820CF49F9008BF4E1 /* Resources */,
			);
			buildRules = (
			);
			dependencies = (
			);
			name = "Baseball Scorecard";
			productName = "Baseball Scorecard";
			productReference = 16BF7CEA20CF49F9008BF4E1 /* Baseball Scorecard.app */;
			productType = "com.apple.product-type.application";
		};
/* End PBXNativeTarget section */

/* Begin PBXProject section */
		16BF7CE220CF49F9008BF4E1 /* Project object */ = {
			isa = PBXProject;
			attributes = {
				LastSwiftUpdateCheck = 0940;
				LastUpgradeCheck = 0940;
				ORGANIZATIONNAME = "Taylor Bills";
				TargetAttributes = {
					16BF7CE920CF49F9008BF4E1 = {
						CreatedOnToolsVersion = 9.4;
					};
				};
			};
			buildConfigurationList = 16BF7CE520CF49F9008BF4E1 /* Build configuration list for PBXProject "Baseball Scorecard" */;
			compatibilityVersion = "Xcode 9.3";
			developmentRegion = en;
			hasScannedForEncodings = 0;
			knownRegions = (
				en,
				Base,
			);
			mainGroup = 16BF7CE120CF49F9008BF4E1;
			productRefGroup = 16BF7CEB20CF49F9008BF4E1 /* Products */;
			projectDirPath = "";
			projectRoot = "";
			targets = (
				16BF7CE920CF49F9008BF4E1 /* Baseball Scorecard */,
			);
		};
/* End PBXProject section */

/* Begin PBXResourcesBuildPhase section */
		16BF7CE820CF49F9008BF4E1 /* Resources */ = {
			isa = PBXResourcesBuildPhase;
			buildActionMask = 2147483647;
			files = (
				16BF7CFB20CF49FA008BF4E1 /* LaunchScreen.storyboard in Resources */,
				16BF7CF820CF49FA008BF4E1 /* Assets.xcassets in Resources */,
				16BF7CF320CF49F9008BF4E1 /* Main.storyboard in Resources */,
			);
			runOnlyForDeploymentPostprocessing = 0;
		};
/* End PBXResourcesBuildPhase section */

/* Begin PBXSourcesBuildPhase section */
		16BF7CE620CF49F9008BF4E1 /* Sources */ = {
			isa = PBXSourcesBuildPhase;
			buildActionMask = 2147483647;
			files = (
				16BF7CF620CF49F9008BF4E1 /* Baseball_Scorecard.xcdatamodeld in Sources */,
				16BF7CEE20CF49F9008BF4E1 /* AppDelegate.swift in Sources */,
			);
			runOnlyForDeploymentPostprocessing = 0;
		};
/* End PBXSourcesBuildPhase section */

/* Begin PBXVariantGroup section */
		16BF7CF120CF49F9008BF4E1 /* Main.storyboard */ = {
			isa = PBXVariantGroup;
			children = (
				16BF7CF220CF49F9008BF4E1 /* Base */,
			);
			name = Main.storyboard;
			sourceTree = "<group>";
		};
		16BF7CF920CF49FA008BF4E1 /* LaunchScreen.storyboard */ = {
			isa = PBXVariantGroup;
			children = (
				16BF7CFA20CF49FA008BF4E1 /* Base */,
			);
			name = LaunchScreen.storyboard;
			sourceTree = "<group>";
		};
/* End PBXVariantGroup section */

/* Begin XCBuildConfiguration section */
		16BF7CFD20CF49FA008BF4E1 /* Debug */ = {
			isa = XCBuildConfiguration;
			buildSettings = {
				ALWAYS_SEARCH_USER_PATHS = NO;
				CLANG_ANALYZER_NONNULL = YES;
				CLANG_ANALYZER_NUMBER_OBJECT_CONVERSION = YES_AGGRESSIVE;
				CLANG_CXX_LANGUAGE_STANDARD = "gnu++14";
				CLANG_CXX_LIBRARY = "libc++";
				CLANG_ENABLE_MODULES = YES;
				CLANG_ENABLE_OBJC_ARC = YES;
				CLANG_ENABLE_OBJC_WEAK = YES;
				CLANG_WARN_BLOCK_CAPTURE_AUTORELEASING = YES;
				CLANG_WARN_BOOL_CONVERSION = YES;
				CLANG_WARN_COMMA = YES;
				CLANG_WARN_CONSTANT_CONVERSION = YES;
				CLANG_WARN_DEPRECATED_OBJC_IMPLEMENTATIONS = YES;
				CLANG_WARN_DIRECT_OBJC_ISA_USAGE = YES_ERROR;
				CLANG_WARN_DOCUMENTATION_COMMENTS = YES;
				CLANG_WARN_EMPTY_BODY = YES;
				CLANG_WARN_ENUM_CONVERSION = YES;
				CLANG_WARN_INFINITE_RECURSION = YES;
				CLANG_WARN_INT_CONVERSION = YES;
				CLANG_WARN_NON_LITERAL_NULL_CONVERSION = YES;
				CLANG_WARN_OBJC_IMPLICIT_RETAIN_SELF = YES;
				CLANG_WARN_OBJC_LITERAL_CONVERSION = YES;
				CLANG_WARN_OBJC_ROOT_CLASS = YES_ERROR;
				CLANG_WARN_RANGE_LOOP_ANALYSIS = YES;
				CLANG_WARN_STRICT_PROTOTYPES = YES;
				CLANG_WARN_SUSPICIOUS_MOVE = YES;
				CLANG_WARN_UNGUARDED_AVAILABILITY = YES_AGGRESSIVE;
				CLANG_WARN_UNREACHABLE_CODE = YES;
				CLANG_WARN__DUPLICATE_METHOD_MATCH = YES;
				CODE_SIGN_IDENTITY = "iPhone Developer";
				COPY_PHASE_STRIP = NO;
				DEBUG_INFORMATION_FORMAT = dwarf;
				ENABLE_STRICT_OBJC_MSGSEND = YES;
				ENABLE_TESTABILITY = YES;
				GCC_C_LANGUAGE_STANDARD = gnu11;
				GCC_DYNAMIC_NO_PIC = NO;
				GCC_NO_COMMON_BLOCKS = YES;
				GCC_OPTIMIZATION_LEVEL = 0;
				GCC_PREPROCESSOR_DEFINITIONS = (
					"DEBUG=1",
					"$(inherited)",
				);
				GCC_WARN_64_TO_32_BIT_CONVERSION = YES;
				GCC_WARN_ABOUT_RETURN_TYPE = YES_ERROR;
				GCC_WARN_UNDECLARED_SELECTOR = YES;
				GCC_WARN_UNINITIALIZED_AUTOS = YES_AGGRESSIVE;
				GCC_WARN_UNUSED_FUNCTION = YES;
				GCC_WARN_UNUSED_VARIABLE = YES;
				IPHONEOS_DEPLOYMENT_TARGET = 11.4;
				MTL_ENABLE_DEBUG_INFO = YES;
				ONLY_ACTIVE_ARCH = YES;
				SDKROOT = iphoneos;
				SWIFT_ACTIVE_COMPILATION_CONDITIONS = DEBUG;
				SWIFT_OPTIMIZATION_LEVEL = "-Onone";
			};
			name = Debug;
		};
		16BF7CFE20CF49FA008BF4E1 /* Release */ = {
			isa = XCBuildConfiguration;
			buildSettings = {
				ALWAYS_SEARCH_USER_PATHS = NO;
				CLANG_ANALYZER_NONNULL = YES;
				CLANG_ANALYZER_NUMBER_OBJECT_CONVERSION = YES_AGGRESSIVE;
				CLANG_CXX_LANGUAGE_STANDARD = "gnu++14";
				CLANG_CXX_LIBRARY = "libc++";
				CLANG_ENABLE_MODULES = YES;
				CLANG_ENABLE_OBJC_ARC = YES;
				CLANG_ENABLE_OBJC_WEAK = YES;
				CLANG_WARN_BLOCK_CAPTURE_AUTORELEASING = YES;
				CLANG_WARN_BOOL_CONVERSION = YES;
				CLANG_WARN_COMMA = YES;
				CLANG_WARN_CONSTANT_CONVERSION = YES;
				CLANG_WARN_DEPRECATED_OBJC_IMPLEMENTATIONS = YES;
				CLANG_WARN_DIRECT_OBJC_ISA_USAGE = YES_ERROR;
				CLANG_WARN_DOCUMENTATION_COMMENTS = YES;
				CLANG_WARN_EMPTY_BODY = YES;
				CLANG_WARN_ENUM_CONVERSION = YES;
				CLANG_WARN_INFINITE_RECURSION = YES;
				CLANG_WARN_INT_CONVERSION = YES;
				CLANG_WARN_NON_LITERAL_NULL_CONVERSION = YES;
				CLANG_WARN_OBJC_IMPLICIT_RETAIN_SELF = YES;
				CLANG_WARN_OBJC_LITERAL_CONVERSION = YES;
				CLANG_WARN_OBJC_ROOT_CLASS = YES_ERROR;
				CLANG_WARN_RANGE_LOOP_ANALYSIS = YES;
				CLANG_WARN_STRICT_PROTOTYPES = YES;
				CLANG_WARN_SUSPICIOUS_MOVE = YES;
				CLANG_WARN_UNGUARDED_AVAILABILITY = YES_AGGRESSIVE;
				CLANG_WARN_UNREACHABLE_CODE = YES;
				CLANG_WARN__DUPLICATE_METHOD_MATCH = YES;
				CODE_SIGN_IDENTITY = "iPhone Developer";
				COPY_PHASE_STRIP = NO;
				DEBUG_INFORMATION_FORMAT = "dwarf-with-dsym";
				ENABLE_NS_ASSERTIONS = NO;
				ENABLE_STRICT_OBJC_MSGSEND = YES;
				GCC_C_LANGUAGE_STANDARD = gnu11;
				GCC_NO_COMMON_BLOCKS = YES;
				GCC_WARN_64_TO_32_BIT_CONVERSION = YES;
				GCC_WARN_ABOUT_RETURN_TYPE = YES_ERROR;
				GCC_WARN_UNDECLARED_SELECTOR = YES;
				GCC_WARN_UNINITIALIZED_AUTOS = YES_AGGRESSIVE;
				GCC_WARN_UNUSED_FUNCTION = YES;
				GCC_WARN_UNUSED_VARIABLE = YES;
				IPHONEOS_DEPLOYMENT_TARGET = 11.4;
				MTL_ENABLE_DEBUG_INFO = NO;
				SDKROOT = iphoneos;
				SWIFT_COMPILATION_MODE = wholemodule;
				SWIFT_OPTIMIZATION_LEVEL = "-O";
				VALIDATE_PRODUCT = YES;
			};
			name = Release;
		};
		16BF7D0020CF49FA008BF4E1 /* Debug */ = {
			isa = XCBuildConfiguration;
			buildSettings = {
				ASSETCATALOG_COMPILER_APPICON_NAME = AppIcon;
				CODE_SIGN_STYLE = Automatic;
				DEVELOPMENT_TEAM = NZ5N56B84J;
				INFOPLIST_FILE = "Baseball Scorecard/Info.plist";
				LD_RUNPATH_SEARCH_PATHS = (
					"$(inherited)",
					"@executable_path/Frameworks",
				);
				PRODUCT_BUNDLE_IDENTIFIER = "com.TAYLORBILLS.Baseball-Scorecard";
				PRODUCT_NAME = "$(TARGET_NAME)";
				SWIFT_VERSION = 4.0;
				TARGETED_DEVICE_FAMILY = "1,2";
			};
			name = Debug;
		};
		16BF7D0120CF49FA008BF4E1 /* Release */ = {
			isa = XCBuildConfiguration;
			buildSettings = {
				ASSETCATALOG_COMPILER_APPICON_NAME = AppIcon;
				CODE_SIGN_STYLE = Automatic;
				DEVELOPMENT_TEAM = NZ5N56B84J;
				INFOPLIST_FILE = "Baseball Scorecard/Info.plist";
				LD_RUNPATH_SEARCH_PATHS = (
					"$(inherited)",
					"@executable_path/Frameworks",
				);
				PRODUCT_BUNDLE_IDENTIFIER = "com.TAYLORBILLS.Baseball-Scorecard";
				PRODUCT_NAME = "$(TARGET_NAME)";
				SWIFT_VERSION = 4.0;
				TARGETED_DEVICE_FAMILY = "1,2";
			};
			name = Release;
		};
/* End XCBuildConfiguration section */

/* Begin XCConfigurationList section */
		16BF7CE520CF49F9008BF4E1 /* Build configuration list for PBXProject "Baseball Scorecard" */ = {
			isa = XCConfigurationList;
			buildConfigurations = (
				16BF7CFD20CF49FA008BF4E1 /* Debug */,
				16BF7CFE20CF49FA008BF4E1 /* Release */,
			);
			defaultConfigurationIsVisible = 0;
			defaultConfigurationName = Release;
		};
		16BF7CFF20CF49FA008BF4E1 /* Build configuration list for PBXNativeTarget "Baseball Scorecard" */ = {
			isa = XCConfigurationList;
			buildConfigurations = (
				16BF7D0020CF49FA008BF4E1 /* Debug */,
				16BF7D0120CF49FA008BF4E1 /* Release */,
			);
			defaultConfigurationIsVisible = 0;
			defaultConfigurationName = Release;
		};
/* End XCConfigurationList section */

/* Begin XCVersionGroup section */
		16BF7CF420CF49F9008BF4E1 /* Baseball_Scorecard.xcdatamodeld */ = {
			isa = XCVersionGroup;
			children = (
				16BF7CF520CF49F9008BF4E1 /* Baseball_Scorecard.xcdatamodel */,
			);
			currentVersion = 16BF7CF520CF49F9008BF4E1 /* Baseball_Scorecard.xcdatamodel */;
			path = Baseball_Scorecard.xcdatamodeld;
			sourceTree = "<group>";
			versionGroupType = wrapper.xcdatamodel;
		};
/* End XCVersionGroup section */
	};
	rootObject = 16BF7CE220CF49F9008BF4E1 /* Project object */;
}
